
Microsoft Visual Studio Solution File, Format Version 12.00
# Visual Studio 15
VisualStudioVersion = 15.0.28307.438
MinimumVisualStudioVersion = 10.0.40219.1
Project("{FAE04EC0-301F-11D3-BF4B-00C04F79EFBC}") = "FileNotifierV2", "FileNotifierV2\FileNotifierV2.csproj", "{15CD9CB1-30E3-4646-9B1E-3FCFE22C388B}"
EndProject
Global
	GlobalSection(SolutionConfigurationPlatforms) = preSolution
		Debug|Any CPU = Debug|Any CPU
		Release|Any CPU = Release|Any CPU
	EndGlobalSection
	GlobalSection(ProjectConfigurationPlatforms) = postSolution
		{15CD9CB1-30E3-4646-9B1E-3FCFE22C388B}.Debug|Any CPU.ActiveCfg = Debug|Any CPU
		{15CD9CB1-30E3-4646-9B1E-3FCFE22C388B}.Debug|Any CPU.Build.0 = Debug|Any CPU
		{15CD9CB1-30E3-4646-9B1E-3FCFE22C388B}.Release|Any CPU.ActiveCfg = Release|Any CPU
		{15CD9CB1-30E3-4646-9B1E-3FCFE22C388B}.Release|Any CPU.Build.0 = Release|Any CPU
	EndGlobalSection
	GlobalSection(SolutionProperties) = preSolution
		HideSolutionNode = FALSE
	EndGlobalSection
	GlobalSection(ExtensibilityGlobals) = postSolution
		SolutionGuid = {6666FE72-2C7F-4872-868C-20DDA6941DB8}
	EndGlobalSection
EndGlobal
